
Microsoft Visual Studio Solution File, Format Version 12.00
# Visual Studio Version 17
VisualStudioVersion = 17.7.34003.232
MinimumVisualStudioVersion = 10.0.40219.1
Project("{FAE04EC0-301F-11D3-BF4B-00C04F79EFBC}") = "StockRestApi.Gateway", "StockRestApi.Gateway\StockRestApi.Gateway.csproj", "{322717E5-68BB-42FD-8BAF-A61E52497109}"
EndProject
Global
	GlobalSection(SolutionConfigurationPlatforms) = preSolution
		Debug|Any CPU = Debug|Any CPU
		Release|Any CPU = Release|Any CPU
	EndGlobalSection
	GlobalSection(ProjectConfigurationPlatforms) = postSolution
		{322717E5-68BB-42FD-8BAF-A61E52497109}.Debug|Any CPU.ActiveCfg = Debug|Any CPU
		{322717E5-68BB-42FD-8BAF-A61E52497109}.Debug|Any CPU.Build.0 = Debug|Any CPU
		{322717E5-68BB-42FD-8BAF-A61E52497109}.Release|Any CPU.ActiveCfg = Release|Any CPU
		{322717E5-68BB-42FD-8BAF-A61E52497109}.Release|Any CPU.Build.0 = Release|Any CPU
	EndGlobalSection
	GlobalSection(SolutionProperties) = preSolution
		HideSolutionNode = FALSE
	EndGlobalSection
	GlobalSection(ExtensibilityGlobals) = postSolution
		SolutionGuid = {2F1141E1-E525-4223-84CC-C0A05ED45457}
	EndGlobalSection
EndGlobal
